
Microsoft Visual Studio Solution File, Format Version 12.00
# Visual Studio Version 16
VisualStudioVersion = 16.0.30330.147
MinimumVisualStudioVersion = 10.0.40219.1
Project("{9A19103F-16F7-4668-BE54-9A1E7A4F7556}") = "BeFirst.WebAPI", "BeFirst.WebAPI\BeFirst.WebAPI.csproj", "{BA1F2447-66EE-4C72-B8A5-730E9AD274EF}"
EndProject
Project("{9A19103F-16F7-4668-BE54-9A1E7A4F7556}") = "BeFirst.Models", "BeFirst.Models\BeFirst.Models.csproj", "{1394CFB6-3E8E-474D-9554-D4556F5AC8C9}"
EndProject
Project("{2150E333-8FDC-42A3-9474-1A3956D46DE8}") = "UI", "UI", "{BBE073CB-4B1E-4D37-9356-BC799D62BCF5}"
EndProject
Project("{FAE04EC0-301F-11D3-BF4B-00C04F79EFBC}") = "BeFirst.WinUI", "BeFirst.WinUI\BeFirst.WinUI.csproj", "{71761FF1-A663-4FC0-A618-8D70D4208B38}"
EndProject
Project("{2150E333-8FDC-42A3-9474-1A3956D46DE8}") = "BeFirst.Mobile", "BeFirst.Mobile", "{D7C65F06-D1EC-41B6-9419-972A799A31A6}"
EndProject
Project("{FAE04EC0-301F-11D3-BF4B-00C04F79EFBC}") = "BeFirst.MobileApp.UWP", "BeFirst.MobileApp\BeFirst.MobileApp.UWP\BeFirst.MobileApp.UWP.csproj", "{6DCE5D4F-24AE-4304-8C6A-8CCC6D56EEAA}"
EndProject
Project("{FAE04EC0-301F-11D3-BF4B-00C04F79EFBC}") = "BeFirst.MobileApp.Android", "BeFirst.MobileApp\BeFirst.MobileApp.Android\BeFirst.MobileApp.Android.csproj", "{73BC2390-606B-4BEB-8E18-4785D5FA8450}"
EndProject
Project("{FAE04EC0-301F-11D3-BF4B-00C04F79EFBC}") = "BeFirst.MobileApp.iOS", "BeFirst.MobileApp\BeFirst.MobileApp.iOS\BeFirst.MobileApp.iOS.csproj", "{E3F2368B-255F-46B9-8E30-CC69812036B7}"
EndProject
Project("{9A19103F-16F7-4668-BE54-9A1E7A4F7556}") = "BeFirst.MobileApp", "BeFirst.MobileApp\BeFirst.MobileApp\BeFirst.MobileApp.csproj", "{7CA9E555-34A2-4F5B-9273-5D525E42657E}"
EndProject
Global
	GlobalSection(SolutionConfigurationPlatforms) = preSolution
		Debug|Any CPU = Debug|Any CPU
		Debug|ARM = Debug|ARM
		Debug|iPhone = Debug|iPhone
		Debug|iPhoneSimulator = Debug|iPhoneSimulator
		Debug|x64 = Debug|x64
		Debug|x86 = Debug|x86
		Release|Any CPU = Release|Any CPU
		Release|ARM = Release|ARM
		Release|iPhone = Release|iPhone
		Release|iPhoneSimulator = Release|iPhoneSimulator
		Release|x64 = Release|x64
		Release|x86 = Release|x86
	EndGlobalSection
	GlobalSection(ProjectConfigurationPlatforms) = postSolution
		{BA1F2447-66EE-4C72-B8A5-730E9AD274EF}.Debug|Any CPU.ActiveCfg = Debug|Any CPU
		{BA1F2447-66EE-4C72-B8A5-730E9AD274EF}.Debug|Any CPU.Build.0 = Debug|Any CPU
		{BA1F2447-66EE-4C72-B8A5-730E9AD274EF}.Debug|ARM.ActiveCfg = Debug|Any CPU
		{BA1F2447-66EE-4C72-B8A5-730E9AD274EF}.Debug|ARM.Build.0 = Debug|Any CPU
		{BA1F2447-66EE-4C72-B8A5-730E9AD274EF}.Debug|iPhone.ActiveCfg = Debug|Any CPU
		{BA1F2447-66EE-4C72-B8A5-730E9AD274EF}.Debug|iPhone.Build.0 = Debug|Any CPU
		{BA1F2447-66EE-4C72-B8A5-730E9AD274EF}.Debug|iPhoneSimulator.ActiveCfg = Debug|Any CPU
		{BA1F2447-66EE-4C72-B8A5-730E9AD274EF}.Debug|iPhoneSimulator.Build.0 = Debug|Any CPU
		{BA1F2447-66EE-4C72-B8A5-730E9AD274EF}.Debug|x64.ActiveCfg = Debug|Any CPU
		{BA1F2447-66EE-4C72-B8A5-730E9AD274EF}.Debug|x64.Build.0 = Debug|Any CPU
		{BA1F2447-66EE-4C72-B8A5-730E9AD274EF}.Debug|x86.ActiveCfg = Debug|Any CPU
		{BA1F2447-66EE-4C72-B8A5-730E9AD274EF}.Debug|x86.Build.0 = Debug|Any CPU
		{BA1F2447-66EE-4C72-B8A5-730E9AD274EF}.Release|Any CPU.ActiveCfg = Release|Any CPU
		{BA1F2447-66EE-4C72-B8A5-730E9AD274EF}.Release|Any CPU.Build.0 = Release|Any CPU
		{BA1F2447-66EE-4C72-B8A5-730E9AD274EF}.Release|ARM.ActiveCfg = Release|Any CPU
		{BA1F2447-66EE-4C72-B8A5-730E9AD274EF}.Release|ARM.Build.0 = Release|Any CPU
		{BA1F2447-66EE-4C72-B8A5-730E9AD274EF}.Release|iPhone.ActiveCfg = Release|Any CPU
		{BA1F2447-66EE-4C72-B8A5-730E9AD274EF}.Release|iPhone.Build.0 = Release|Any CPU
		{BA1F2447-66EE-4C72-B8A5-730E9AD274EF}.Release|iPhoneSimulator.ActiveCfg = Release|Any CPU
		{BA1F2447-66EE-4C72-B8A5-730E9AD274EF}.Release|iPhoneSimulator.Build.0 = Release|Any CPU
		{BA1F2447-66EE-4C72-B8A5-730E9AD274EF}.Release|x64.ActiveCfg = Release|Any CPU
		{BA1F2447-66EE-4C72-B8A5-730E9AD274EF}.Release|x64.Build.0 = Release|Any CPU
		{BA1F2447-66EE-4C72-B8A5-730E9AD274EF}.Release|x86.ActiveCfg = Release|Any CPU
		{BA1F2447-66EE-4C72-B8A5-730E9AD274EF}.Release|x86.Build.0 = Release|Any CPU
		{1394CFB6-3E8E-474D-9554-D4556F5AC8C9}.Debug|Any CPU.ActiveCfg = Debug|Any CPU
		{1394CFB6-3E8E-474D-9554-D4556F5AC8C9}.Debug|Any CPU.Build.0 = Debug|Any CPU
		{1394CFB6-3E8E-474D-9554-D4556F5AC8C9}.Debug|ARM.ActiveCfg = Debug|Any CPU
		{1394CFB6-3E8E-474D-9554-D4556F5AC8C9}.Debug|ARM.Build.0 = Debug|Any CPU
		{1394CFB6-3E8E-474D-9554-D4556F5AC8C9}.Debug|iPhone.ActiveCfg = Debug|Any CPU
		{1394CFB6-3E8E-474D-9554-D4556F5AC8C9}.Debug|iPhone.Build.0 = Debug|Any CPU
		{1394CFB6-3E8E-474D-9554-D4556F5AC8C9}.Debug|iPhoneSimulator.ActiveCfg = Debug|Any CPU
		{1394CFB6-3E8E-474D-9554-D4556F5AC8C9}.Debug|iPhoneSimulator.Build.0 = Debug|Any CPU
		{1394CFB6-3E8E-474D-9554-D4556F5AC8C9}.Debug|x64.ActiveCfg = Debug|Any CPU
		{1394CFB6-3E8E-474D-9554-D4556F5AC8C9}.Debug|x64.Build.0 = Debug|Any CPU
		{1394CFB6-3E8E-474D-9554-D4556F5AC8C9}.Debug|x86.ActiveCfg = Debug|Any CPU
		{1394CFB6-3E8E-474D-9554-D4556F5AC8C9}.Debug|x86.Build.0 = Debug|Any CPU
		{1394CFB6-3E8E-474D-9554-D4556F5AC8C9}.Release|Any CPU.ActiveCfg = Release|Any CPU
		{1394CFB6-3E8E-474D-9554-D4556F5AC8C9}.Release|Any CPU.Build.0 = Release|Any CPU
		{1394CFB6-3E8E-474D-9554-D4556F5AC8C9}.Release|ARM.ActiveCfg = Release|Any CPU
		{1394CFB6-3E8E-474D-9554-D4556F5AC8C9}.Release|ARM.Build.0 = Release|Any CPU
		{1394CFB6-3E8E-474D-9554-D4556F5AC8C9}.Release|iPhone.ActiveCfg = Release|Any CPU
		{1394CFB6-3E8E-474D-9554-D4556F5AC8C9}.Release|iPhone.Build.0 = Release|Any CPU
		{1394CFB6-3E8E-474D-9554-D4556F5AC8C9}.Release|iPhoneSimulator.ActiveCfg = Release|Any CPU
		{1394CFB6-3E8E-474D-9554-D4556F5AC8C9}.Release|iPhoneSimulator.Build.0 = Release|Any CPU
		{1394CFB6-3E8E-474D-9554-D4556F5AC8C9}.Release|x64.ActiveCfg = Release|Any CPU
		{1394CFB6-3E8E-474D-9554-D4556F5AC8C9}.Release|x64.Build.0 = Release|Any CPU
		{1394CFB6-3E8E-474D-9554-D4556F5AC8C9}.Release|x86.ActiveCfg = Release|Any CPU
		{1394CFB6-3E8E-474D-9554-D4556F5AC8C9}.Release|x86.Build.0 = Release|Any CPU
		{71761FF1-A663-4FC0-A618-8D70D4208B38}.Debug|Any CPU.ActiveCfg = Debug|Any CPU
		{71761FF1-A663-4FC0-A618-8D70D4208B38}.Debug|Any CPU.Build.0 = Debug|Any CPU
		{71761FF1-A663-4FC0-A618-8D70D4208B38}.Debug|ARM.ActiveCfg = Debug|Any CPU
		{71761FF1-A663-4FC0-A618-8D70D4208B38}.Debug|ARM.Build.0 = Debug|Any CPU
		{71761FF1-A663-4FC0-A618-8D70D4208B38}.Debug|iPhone.ActiveCfg = Debug|Any CPU
		{71761FF1-A663-4FC0-A618-8D70D4208B38}.Debug|iPhone.Build.0 = Debug|Any CPU
		{71761FF1-A663-4FC0-A618-8D70D4208B38}.Debug|iPhoneSimulator.ActiveCfg = Debug|Any CPU
		{71761FF1-A663-4FC0-A618-8D70D4208B38}.Debug|iPhoneSimulator.Build.0 = Debug|Any CPU
		{71761FF1-A663-4FC0-A618-8D70D4208B38}.Debug|x64.ActiveCfg = Debug|Any CPU
		{71761FF1-A663-4FC0-A618-8D70D4208B38}.Debug|x64.Build.0 = Debug|Any CPU
		{71761FF1-A663-4FC0-A618-8D70D4208B38}.Debug|x86.ActiveCfg = Debug|Any CPU
		{71761FF1-A663-4FC0-A618-8D70D4208B38}.Debug|x86.Build.0 = Debug|Any CPU
		{71761FF1-A663-4FC0-A618-8D70D4208B38}.Release|Any CPU.ActiveCfg = Release|Any CPU
		{71761FF1-A663-4FC0-A618-8D70D4208B38}.Release|Any CPU.Build.0 = Release|Any CPU
		{71761FF1-A663-4FC0-A618-8D70D4208B38}.Release|ARM.ActiveCfg = Release|Any CPU
		{71761FF1-A663-4FC0-A618-8D70D4208B38}.Release|ARM.Build.0 = Release|Any CPU
		{71761FF1-A663-4FC0-A618-8D70D4208B38}.Release|iPhone.ActiveCfg = Release|Any CPU
		{71761FF1-A663-4FC0-A618-8D70D4208B38}.Release|iPhone.Build.0 = Release|Any CPU
		{71761FF1-A663-4FC0-A618-8D70D4208B38}.Release|iPhoneSimulator.ActiveCfg = Release|Any CPU
		{71761FF1-A663-4FC0-A618-8D70D4208B38}.Release|iPhoneSimulator.Build.0 = Release|Any CPU
		{71761FF1-A663-4FC0-A618-8D70D4208B38}.Release|x64.ActiveCfg = Release|Any CPU
		{71761FF1-A663-4FC0-A618-8D70D4208B38}.Release|x64.Build.0 = Release|Any CPU
		{71761FF1-A663-4FC0-A618-8D70D4208B38}.Release|x86.ActiveCfg = Release|Any CPU
		{71761FF1-A663-4FC0-A618-8D70D4208B38}.Release|x86.Build.0 = Release|Any CPU
		{6DCE5D4F-24AE-4304-8C6A-8CCC6D56EEAA}.Debug|Any CPU.ActiveCfg = Debug|x86
		{6DCE5D4F-24AE-4304-8C6A-8CCC6D56EEAA}.Debug|Any CPU.Build.0 = Debug|x86
		{6DCE5D4F-24AE-4304-8C6A-8CCC6D56EEAA}.Debug|Any CPU.Deploy.0 = Debug|x86
		{6DCE5D4F-24AE-4304-8C6A-8CCC6D56EEAA}.Debug|ARM.ActiveCfg = Debug|ARM
		{6DCE5D4F-24AE-4304-8C6A-8CCC6D56EEAA}.Debug|ARM.Build.0 = Debug|ARM
		{6DCE5D4F-24AE-4304-8C6A-8CCC6D56EEAA}.Debug|ARM.Deploy.0 = Debug|ARM
		{6DCE5D4F-24AE-4304-8C6A-8CCC6D56EEAA}.Debug|iPhone.ActiveCfg = Debug|x86
		{6DCE5D4F-24AE-4304-8C6A-8CCC6D56EEAA}.Debug|iPhoneSimulator.ActiveCfg = Debug|x86
		{6DCE5D4F-24AE-4304-8C6A-8CCC6D56EEAA}.Debug|x64.ActiveCfg = Debug|x64
		{6DCE5D4F-24AE-4304-8C6A-8CCC6D56EEAA}.Debug|x64.Build.0 = Debug|x64
		{6DCE5D4F-24AE-4304-8C6A-8CCC6D56EEAA}.Debug|x64.Deploy.0 = Debug|x64
		{6DCE5D4F-24AE-4304-8C6A-8CCC6D56EEAA}.Debug|x86.ActiveCfg = Debug|x86
		{6DCE5D4F-24AE-4304-8C6A-8CCC6D56EEAA}.Debug|x86.Build.0 = Debug|x86
		{6DCE5D4F-24AE-4304-8C6A-8CCC6D56EEAA}.Debug|x86.Deploy.0 = Debug|x86
		{6DCE5D4F-24AE-4304-8C6A-8CCC6D56EEAA}.Release|Any CPU.ActiveCfg = Release|x86
		{6DCE5D4F-24AE-4304-8C6A-8CCC6D56EEAA}.Release|ARM.ActiveCfg = Release|ARM
		{6DCE5D4F-24AE-4304-8C6A-8CCC6D56EEAA}.Release|ARM.Build.0 = Release|ARM
		{6DCE5D4F-24AE-4304-8C6A-8CCC6D56EEAA}.Release|ARM.Deploy.0 = Release|ARM
		{6DCE5D4F-24AE-4304-8C6A-8CCC6D56EEAA}.Release|iPhone.ActiveCfg = Release|x86
		{6DCE5D4F-24AE-4304-8C6A-8CCC6D56EEAA}.Release|iPhoneSimulator.ActiveCfg = Release|x86
		{6DCE5D4F-24AE-4304-8C6A-8CCC6D56EEAA}.Release|x64.ActiveCfg = Release|x64
		{6DCE5D4F-24AE-4304-8C6A-8CCC6D56EEAA}.Release|x64.Build.0 = Release|x64
		{6DCE5D4F-24AE-4304-8C6A-8CCC6D56EEAA}.Release|x64.Deploy.0 = Release|x64
		{6DCE5D4F-24AE-4304-8C6A-8CCC6D56EEAA}.Release|x86.ActiveCfg = Release|x86
		{6DCE5D4F-24AE-4304-8C6A-8CCC6D56EEAA}.Release|x86.Build.0 = Release|x86
		{6DCE5D4F-24AE-4304-8C6A-8CCC6D56EEAA}.Release|x86.Deploy.0 = Release|x86
		{73BC2390-606B-4BEB-8E18-4785D5FA8450}.Debug|Any CPU.ActiveCfg = Debug|Any CPU
		{73BC2390-606B-4BEB-8E18-4785D5FA8450}.Debug|Any CPU.Build.0 = Debug|Any CPU
		{73BC2390-606B-4BEB-8E18-4785D5FA8450}.Debug|Any CPU.Deploy.0 = Debug|Any CPU
		{73BC2390-606B-4BEB-8E18-4785D5FA8450}.Debug|ARM.ActiveCfg = Debug|Any CPU
		{73BC2390-606B-4BEB-8E18-4785D5FA8450}.Debug|ARM.Build.0 = Debug|Any CPU
		{73BC2390-606B-4BEB-8E18-4785D5FA8450}.Debug|ARM.Deploy.0 = Debug|Any CPU
		{73BC2390-606B-4BEB-8E18-4785D5FA8450}.Debug|iPhone.ActiveCfg = Debug|Any CPU
		{73BC2390-606B-4BEB-8E18-4785D5FA8450}.Debug|iPhone.Build.0 = Debug|Any CPU
		{73BC2390-606B-4BEB-8E18-4785D5FA8450}.Debug|iPhone.Deploy.0 = Debug|Any CPU
		{73BC2390-606B-4BEB-8E18-4785D5FA8450}.Debug|iPhoneSimulator.ActiveCfg = Debug|Any CPU
		{73BC2390-606B-4BEB-8E18-4785D5FA8450}.Debug|iPhoneSimulator.Build.0 = Debug|Any CPU
		{73BC2390-606B-4BEB-8E18-4785D5FA8450}.Debug|iPhoneSimulator.Deploy.0 = Debug|Any CPU
		{73BC2390-606B-4BEB-8E18-4785D5FA8450}.Debug|x64.ActiveCfg = Debug|Any CPU
		{73BC2390-606B-4BEB-8E18-4785D5FA8450}.Debug|x64.Build.0 = Debug|Any CPU
		{73BC2390-606B-4BEB-8E18-4785D5FA8450}.Debug|x64.Deploy.0 = Debug|Any CPU
		{73BC2390-606B-4BEB-8E18-4785D5FA8450}.Debug|x86.ActiveCfg = Debug|Any CPU
		{73BC2390-606B-4BEB-8E18-4785D5FA8450}.Debug|x86.Build.0 = Debug|Any CPU
		{73BC2390-606B-4BEB-8E18-4785D5FA8450}.Debug|x86.Deploy.0 = Debug|Any CPU
		{73BC2390-606B-4BEB-8E18-4785D5FA8450}.Release|Any CPU.ActiveCfg = Release|Any CPU
		{73BC2390-606B-4BEB-8E18-4785D5FA8450}.Release|Any CPU.Build.0 = Release|Any CPU
		{73BC2390-606B-4BEB-8E18-4785D5FA8450}.Release|Any CPU.Deploy.0 = Release|Any CPU
		{73BC2390-606B-4BEB-8E18-4785D5FA8450}.Release|ARM.ActiveCfg = Release|Any CPU
		{73BC2390-606B-4BEB-8E18-4785D5FA8450}.Release|ARM.Build.0 = Release|Any CPU
		{73BC2390-606B-4BEB-8E18-4785D5FA8450}.Release|ARM.Deploy.0 = Release|Any CPU
		{73BC2390-606B-4BEB-8E18-4785D5FA8450}.Release|iPhone.ActiveCfg = Release|Any CPU
		{73BC2390-606B-4BEB-8E18-4785D5FA8450}.Release|iPhone.Build.0 = Release|Any CPU
		{73BC2390-606B-4BEB-8E18-4785D5FA8450}.Release|iPhone.Deploy.0 = Release|Any CPU
		{73BC2390-606B-4BEB-8E18-4785D5FA8450}.Release|iPhoneSimulator.ActiveCfg = Release|Any CPU
		{73BC2390-606B-4BEB-8E18-4785D5FA8450}.Release|iPhoneSimulator.Build.0 = Release|Any CPU
		{73BC2390-606B-4BEB-8E18-4785D5FA8450}.Release|iPhoneSimulator.Deploy.0 = Release|Any CPU
		{73BC2390-606B-4BEB-8E18-4785D5FA8450}.Release|x64.ActiveCfg = Release|Any CPU
		{73BC2390-606B-4BEB-8E18-4785D5FA8450}.Release|x64.Build.0 = Release|Any CPU
		{73BC2390-606B-4BEB-8E18-4785D5FA8450}.Release|x64.Deploy.0 = Release|Any CPU
		{73BC2390-606B-4BEB-8E18-4785D5FA8450}.Release|x86.ActiveCfg = Release|Any CPU
		{73BC2390-606B-4BEB-8E18-4785D5FA8450}.Release|x86.Build.0 = Release|Any CPU
		{73BC2390-606B-4BEB-8E18-4785D5FA8450}.Release|x86.Deploy.0 = Release|Any CPU
		{E3F2368B-255F-46B9-8E30-CC69812036B7}.Debug|Any CPU.ActiveCfg = Debug|iPhone
		{E3F2368B-255F-46B9-8E30-CC69812036B7}.Debug|ARM.ActiveCfg = Debug|iPhone
		{E3F2368B-255F-46B9-8E30-CC69812036B7}.Debug|iPhone.ActiveCfg = Debug|iPhone
		{E3F2368B-255F-46B9-8E30-CC69812036B7}.Debug|iPhone.Build.0 = Debug|iPhone
		{E3F2368B-255F-46B9-8E30-CC69812036B7}.Debug|iPhoneSimulator.ActiveCfg = Debug|iPhoneSimulator
		{E3F2368B-255F-46B9-8E30-CC69812036B7}.Debug|iPhoneSimulator.Build.0 = Debug|iPhoneSimulator
		{E3F2368B-255F-46B9-8E30-CC69812036B7}.Debug|x64.ActiveCfg = Debug|iPhone
		{E3F2368B-255F-46B9-8E30-CC69812036B7}.Debug|x86.ActiveCfg = Debug|iPhone
		{E3F2368B-255F-46B9-8E30-CC69812036B7}.Release|Any CPU.ActiveCfg = Release|iPhone
		{E3F2368B-255F-46B9-8E30-CC69812036B7}.Release|ARM.ActiveCfg = Release|iPhone
		{E3F2368B-255F-46B9-8E30-CC69812036B7}.Release|iPhone.ActiveCfg = Release|iPhone
		{E3F2368B-255F-46B9-8E30-CC69812036B7}.Release|iPhone.Build.0 = Release|iPhone
		{E3F2368B-255F-46B9-8E30-CC69812036B7}.Release|iPhoneSimulator.ActiveCfg = Release|iPhoneSimulator
		{E3F2368B-255F-46B9-8E30-CC69812036B7}.Release|iPhoneSimulator.Build.0 = Release|iPhoneSimulator
		{E3F2368B-255F-46B9-8E30-CC69812036B7}.Release|x64.ActiveCfg = Release|iPhone
		{E3F2368B-255F-46B9-8E30-CC69812036B7}.Release|x86.ActiveCfg = Release|iPhone
		{7CA9E555-34A2-4F5B-9273-5D525E42657E}.Debug|Any CPU.ActiveCfg = Debug|Any CPU
		{7CA9E555-34A2-4F5B-9273-5D525E42657E}.Debug|Any CPU.Build.0 = Debug|Any CPU
		{7CA9E555-34A2-4F5B-9273-5D525E42657E}.Debug|ARM.ActiveCfg = Debug|Any CPU
		{7CA9E555-34A2-4F5B-9273-5D525E42657E}.Debug|ARM.Build.0 = Debug|Any CPU
		{7CA9E555-34A2-4F5B-9273-5D525E42657E}.Debug|iPhone.ActiveCfg = Debug|Any CPU
		{7CA9E555-34A2-4F5B-9273-5D525E42657E}.Debug|iPhone.Build.0 = Debug|Any CPU
		{7CA9E555-34A2-4F5B-9273-5D525E42657E}.Debug|iPhoneSimulator.ActiveCfg = Debug|Any CPU
		{7CA9E555-34A2-4F5B-9273-5D525E42657E}.Debug|iPhoneSimulator.Build.0 = Debug|Any CPU
		{7CA9E555-34A2-4F5B-9273-5D525E42657E}.Debug|x64.ActiveCfg = Debug|Any CPU
		{7CA9E555-34A2-4F5B-9273-5D525E42657E}.Debug|x64.Build.0 = Debug|Any CPU
		{7CA9E555-34A2-4F5B-9273-5D525E42657E}.Debug|x86.ActiveCfg = Debug|Any CPU
		{7CA9E555-34A2-4F5B-9273-5D525E42657E}.Debug|x86.Build.0 = Debug|Any CPU
		{7CA9E555-34A2-4F5B-9273-5D525E42657E}.Release|Any CPU.ActiveCfg = Release|Any CPU
		{7CA9E555-34A2-4F5B-9273-5D525E42657E}.Release|Any CPU.Build.0 = Release|Any CPU
		{7CA9E555-34A2-4F5B-9273-5D525E42657E}.Release|ARM.ActiveCfg = Release|Any CPU
		{7CA9E555-34A2-4F5B-9273-5D525E42657E}.Release|ARM.Build.0 = Release|Any CPU
		{7CA9E555-34A2-4F5B-9273-5D525E42657E}.Release|iPhone.ActiveCfg = Release|Any CPU
		{7CA9E555-34A2-4F5B-9273-5D525E42657E}.Release|iPhone.Build.0 = Release|Any CPU
		{7CA9E555-34A2-4F5B-9273-5D525E42657E}.Release|iPhoneSimulator.ActiveCfg = Release|Any CPU
		{7CA9E555-34A2-4F5B-9273-5D525E42657E}.Release|iPhoneSimulator.Build.0 = Release|Any CPU
		{7CA9E555-34A2-4F5B-9273-5D525E42657E}.Release|x64.ActiveCfg = Release|Any CPU
		{7CA9E555-34A2-4F5B-9273-5D525E42657E}.Release|x64.Build.0 = Release|Any CPU
		{7CA9E555-34A2-4F5B-9273-5D525E42657E}.Release|x86.ActiveCfg = Release|Any CPU
		{7CA9E555-34A2-4F5B-9273-5D525E42657E}.Release|x86.Build.0 = Release|Any CPU
	EndGlobalSection
	GlobalSection(SolutionProperties) = preSolution
		HideSolutionNode = FALSE
	EndGlobalSection
	GlobalSection(NestedProjects) = preSolution
		{71761FF1-A663-4FC0-A618-8D70D4208B38} = {BBE073CB-4B1E-4D37-9356-BC799D62BCF5}
		{6DCE5D4F-24AE-4304-8C6A-8CCC6D56EEAA} = {D7C65F06-D1EC-41B6-9419-972A799A31A6}
		{73BC2390-606B-4BEB-8E18-4785D5FA8450} = {D7C65F06-D1EC-41B6-9419-972A799A31A6}
		{E3F2368B-255F-46B9-8E30-CC69812036B7} = {D7C65F06-D1EC-41B6-9419-972A799A31A6}
		{7CA9E555-34A2-4F5B-9273-5D525E42657E} = {D7C65F06-D1EC-41B6-9419-972A799A31A6}
	EndGlobalSection
	GlobalSection(ExtensibilityGlobals) = postSolution
		SolutionGuid = {555C34F9-F411-4DA1-AB54-432CD8C45621}
	EndGlobalSection
EndGlobal
